// !$*UTF8*$!
{
	archiveVersion = 1;
	classes = {
	};
	objectVersion = 46;
	objects = {

/* Begin PBXBuildFile section */
		7DDB15901BBD94BF003221DD /* AppDelegate.swift in Sources */ = {isa = PBXBuildFile; fileRef = 7DDB158F1BBD94BF003221DD /* AppDelegate.swift */; };
		7DDB15921BBD94BF003221DD /* ViewController.swift in Sources */ = {isa = PBXBuildFile; fileRef = 7DDB15911BBD94BF003221DD /* ViewController.swift */; };
		7DDB15951BBD94BF003221DD /* Main.storyboard in Resources */ = {isa = PBXBuildFile; fileRef = 7DDB15931BBD94BF003221DD /* Main.storyboard */; };
		7DDB15981BBD94BF003221DD /* single.xcdatamodeld in Sources */ = {isa = PBXBuildFile; fileRef = 7DDB15961BBD94BF003221DD /* single.xcdatamodeld */; };
		7DDB159A1BBD94BF003221DD /* Assets.xcassets in Resources */ = {isa = PBXBuildFile; fileRef = 7DDB15991BBD94BF003221DD /* Assets.xcassets */; };
		7DDB159D1BBD94BF003221DD /* LaunchScreen.storyboard in Resources */ = {isa = PBXBuildFile; fileRef = 7DDB159B1BBD94BF003221DD /* LaunchScreen.storyboard */; };
		7DDB15A81BBD94BF003221DD /* singleTests.swift in Sources */ = {isa = PBXBuildFile; fileRef = 7DDB15A71BBD94BF003221DD /* singleTests.swift */; };
		7DDB15B31BBD94BF003221DD /* singleUITests.swift in Sources */ = {isa = PBXBuildFile; fileRef = 7DDB15B21BBD94BF003221DD /* singleUITests.swift */; };
/* End PBXBuildFile section */

/* Begin PBXContainerItemProxy section */
		7DDB15A41BBD94BF003221DD /* PBXContainerItemProxy */ = {
			isa = PBXContainerItemProxy;
			containerPortal = 7DDB15841BBD94BF003221DD /* Project object */;
			proxyType = 1;
			remoteGlobalIDString = 7DDB158B1BBD94BF003221DD;
			remoteInfo = single;
		};
		7DDB15AF1BBD94BF003221DD /* PBXContainerItemProxy */ = {
			isa = PBXContainerItemProxy;
			containerPortal = 7DDB15841BBD94BF003221DD /* Project object */;
			proxyType = 1;
			remoteGlobalIDString = 7DDB158B1BBD94BF003221DD;
			remoteInfo = single;
		};
/* End PBXContainerItemProxy section */

/* Begin PBXFileReference section */
		7DDB158C1BBD94BF003221DD /* single.app */ = {isa = PBXFileReference; explicitFileType = wrapper.application; includeInIndex = 0; path = single.app; sourceTree = BUILT_PRODUCTS_DIR; };
		7DDB158F1BBD94BF003221DD /* AppDelegate.swift */ = {isa = PBXFileReference; lastKnownFileType = sourcecode.swift; path = AppDelegate.swift; sourceTree = "<group>"; };
		7DDB15911BBD94BF003221DD /* ViewController.swift */ = {isa = PBXFileReference; lastKnownFileType = sourcecode.swift; path = ViewController.swift; sourceTree = "<group>"; };
		7DDB15941BBD94BF003221DD /* Base */ = {isa = PBXFileReference; lastKnownFileType = file.storyboard; name = Base; path = Base.lproj/Main.storyboard; sourceTree = "<group>"; };
		7DDB15971BBD94BF003221DD /* single.xcdatamodel */ = {isa = PBXFileReference; lastKnownFileType = wrapper.xcdatamodel; path = single.xcdatamodel; sourceTree = "<group>"; };
		7DDB15991BBD94BF003221DD /* Assets.xcassets */ = {isa = PBXFileReference; lastKnownFileType = folder.assetcatalog; path = Assets.xcassets; sourceTree = "<group>"; };
		7DDB159C1BBD94BF003221DD /* Base */ = {isa = PBXFileReference; lastKnownFileType = file.storyboard; name = Base; path = Base.lproj/LaunchScreen.storyboard; sourceTree = "<group>"; };
		7DDB159E1BBD94BF003221DD /* Info.plist */ = {isa = PBXFileReference; lastKnownFileType = text.plist.xml; path = Info.plist; sourceTree = "<group>"; };
		7DDB15A31BBD94BF003221DD /* singleTests.xctest */ = {isa = PBXFileReference; explicitFileType = wrapper.cfbundle; includeInIndex = 0; path = singleTests.xctest; sourceTree = BUILT_PRODUCTS_DIR; };
		7DDB15A71BBD94BF003221DD /* singleTests.swift */ = {isa = PBXFileReference; lastKnownFileType = sourcecode.swift; path = singleTests.swift; sourceTree = "<group>"; };
		7DDB15A91BBD94BF003221DD /* Info.plist */ = {isa = PBXFileReference; lastKnownFileType = text.plist.xml; path = Info.plist; sourceTree = "<group>"; };
		7DDB15AE1BBD94BF003221DD /* singleUITests.xctest */ = {isa = PBXFileReference; explicitFileType = wrapper.cfbundle; includeInIndex = 0; path = singleUITests.xctest; sourceTree = BUILT_PRODUCTS_DIR; };
		7DDB15B21BBD94BF003221DD /* singleUITests.swift */ = {isa = PBXFileReference; lastKnownFileType = sourcecode.swift; path = singleUITests.swift; sourceTree = "<group>"; };
		7DDB15B41BBD94BF003221DD /* Info.plist */ = {isa = PBXFileReference; lastKnownFileType = text.plist.xml; path = Info.plist; sourceTree = "<group>"; };
/* End PBXFileReference section */

/* Begin PBXFrameworksBuildPhase section */
		7DDB15891BBD94BF003221DD /* Frameworks */ = {
			isa = PBXFrameworksBuildPhase;
			buildActionMask = 2147483647;
			files = (
			);
			runOnlyForDeploymentPostprocessing = 0;
		};
		7DDB15A01BBD94BF003221DD /* Frameworks */ = {
			isa = PBXFrameworksBuildPhase;
			buildActionMask = 2147483647;
			files = (
			);
			runOnlyForDeploymentPostprocessing = 0;
		};
		7DDB15AB1BBD94BF003221DD /* Frameworks */ = {
			isa = PBXFrameworksBuildPhase;
			buildActionMask = 2147483647;
			files = (
			);
			runOnlyForDeploymentPostprocessing = 0;
		};
/* End PBXFrameworksBuildPhase section */

/* Begin PBXGroup section */
		7DDB15831BBD94BF003221DD = {
			isa = PBXGroup;
			children = (
				7DDB158E1BBD94BF003221DD /* single */,
				7DDB15A61BBD94BF003221DD /* singleTests */,
				7DDB15B11BBD94BF003221DD /* singleUITests */,
				7DDB158D1BBD94BF003221DD /* Products */,
			);
			sourceTree = "<group>";
		};
		7DDB158D1BBD94BF003221DD /* Products */ = {
			isa = PBXGroup;
			children = (
				7DDB158C1BBD94BF003221DD /* single.app */,
				7DDB15A31BBD94BF003221DD /* singleTests.xctest */,
				7DDB15AE1BBD94BF003221DD /* singleUITests.xctest */,
			);
			name = Products;
			sourceTree = "<group>";
		};
		7DDB158E1BBD94BF003221DD /* single */ = {
			isa = PBXGroup;
			children = (
				7DDB158F1BBD94BF003221DD /* AppDelegate.swift */,
				7DDB15911BBD94BF003221DD /* ViewController.swift */,
				7DDB15931BBD94BF003221DD /* Main.storyboard */,
				7DDB15991BBD94BF003221DD /* Assets.xcassets */,
				7DDB159B1BBD94BF003221DD /* LaunchScreen.storyboard */,
				7DDB159E1BBD94BF003221DD /* Info.plist */,
				7DDB15961BBD94BF003221DD /* single.xcdatamodeld */,
			);
			path = single;
			sourceTree = "<group>";
		};
		7DDB15A61BBD94BF003221DD /* singleTests */ = {
			isa = PBXGroup;
			children = (
				7DDB15A71BBD94BF003221DD /* singleTests.swift */,
				7DDB15A91BBD94BF003221DD /* Info.plist */,
			);
			path = singleTests;
			sourceTree = "<group>";
		};
		7DDB15B11BBD94BF003221DD /* singleUITests */ = {
			isa = PBXGroup;
			children = (
				7DDB15B21BBD94BF003221DD /* singleUITests.swift */,
				7DDB15B41BBD94BF003221DD /* Info.plist */,
			);
			path = singleUITests;
			sourceTree = "<group>";
		};
/* End PBXGroup section */

/* Begin PBXNativeTarget section */
		7DDB158B1BBD94BF003221DD /* single */ = {
			isa = PBXNativeTarget;
			buildConfigurationList = 7DDB15B71BBD94BF003221DD /* Build configuration list for PBXNativeTarget "single" */;
			buildPhases = (
				7DDB15881BBD94BF003221DD /* Sources */,
				7DDB15891BBD94BF003221DD /* Frameworks */,
				7DDB158A1BBD94BF003221DD /* Resources */,
			);
			buildRules = (
			);
			dependencies = (
			);
			name = single;
			productName = single;
			productReference = 7DDB158C1BBD94BF003221DD /* single.app */;
			productType = "com.apple.product-type.application";
		};
		7DDB15A21BBD94BF003221DD /* singleTests */ = {
			isa = PBXNativeTarget;
			buildConfigurationList = 7DDB15BA1BBD94BF003221DD /* Build configuration list for PBXNativeTarget "singleTests" */;
			buildPhases = (
				7DDB159F1BBD94BF003221DD /* Sources */,
				7DDB15A01BBD94BF003221DD /* Frameworks */,
				7DDB15A11BBD94BF003221DD /* Resources */,
			);
			buildRules = (
			);
			dependencies = (
				7DDB15A51BBD94BF003221DD /* PBXTargetDependency */,
			);
			name = singleTests;
			productName = singleTests;
			productReference = 7DDB15A31BBD94BF003221DD /* singleTests.xctest */;
			productType = "com.apple.product-type.bundle.unit-test";
		};
		7DDB15AD1BBD94BF003221DD /* singleUITests */ = {
			isa = PBXNativeTarget;
			buildConfigurationList = 7DDB15BD1BBD94BF003221DD /* Build configuration list for PBXNativeTarget "singleUITests" */;
			buildPhases = (
				7DDB15AA1BBD94BF003221DD /* Sources */,
				7DDB15AB1BBD94BF003221DD /* Frameworks */,
				7DDB15AC1BBD94BF003221DD /* Resources */,
			);
			buildRules = (
			);
			dependencies = (
				7DDB15B01BBD94BF003221DD /* PBXTargetDependency */,
			);
			name = singleUITests;
			productName = singleUITests;
			productReference = 7DDB15AE1BBD94BF003221DD /* singleUITests.xctest */;
			productType = "com.apple.product-type.bundle.ui-testing";
		};
/* End PBXNativeTarget section */

/* Begin PBXProject section */
		7DDB15841BBD94BF003221DD /* Project object */ = {
			isa = PBXProject;
			attributes = {
				LastUpgradeCheck = 0700;
				ORGANIZATIONNAME = yexinwei;
				TargetAttributes = {
					7DDB158B1BBD94BF003221DD = {
						CreatedOnToolsVersion = 7.0.1;
						DevelopmentTeam = 35W6QXN36N;
					};
					7DDB15A21BBD94BF003221DD = {
						CreatedOnToolsVersion = 7.0.1;
						DevelopmentTeam = 35W6QXN36N;
						TestTargetID = 7DDB158B1BBD94BF003221DD;
					};
					7DDB15AD1BBD94BF003221DD = {
						CreatedOnToolsVersion = 7.0.1;
						DevelopmentTeam = 35W6QXN36N;
						TestTargetID = 7DDB158B1BBD94BF003221DD;
					};
				};
			};
			buildConfigurationList = 7DDB15871BBD94BF003221DD /* Build configuration list for PBXProject "single" */;
			compatibilityVersion = "Xcode 3.2";
			developmentRegion = English;
			hasScannedForEncodings = 0;
			knownRegions = (
				en,
				Base,
			);
			mainGroup = 7DDB15831BBD94BF003221DD;
			productRefGroup = 7DDB158D1BBD94BF003221DD /* Products */;
			projectDirPath = "";
			projectRoot = "";
			targets = (
				7DDB158B1BBD94BF003221DD /* single */,
				7DDB15A21BBD94BF003221DD /* singleTests */,
				7DDB15AD1BBD94BF003221DD /* singleUITests */,
			);
		};
/* End PBXProject section */

/* Begin PBXResourcesBuildPhase section */
		7DDB158A1BBD94BF003221DD /* Resources */ = {
			isa = PBXResourcesBuildPhase;
			buildActionMask = 2147483647;
			files = (
				7DDB159D1BBD94BF003221DD /* LaunchScreen.storyboard in Resources */,
				7DDB159A1BBD94BF003221DD /* Assets.xcassets in Resources */,
				7DDB15951BBD94BF003221DD /* Main.storyboard in Resources */,
			);
			runOnlyForDeploymentPostprocessing = 0;
		};
		7DDB15A11BBD94BF003221DD /* Resources */ = {
			isa = PBXResourcesBuildPhase;
			buildActionMask = 2147483647;
			files = (
			);
			runOnlyForDeploymentPostprocessing = 0;
		};
		7DDB15AC1BBD94BF003221DD /* Resources */ = {
			isa = PBXResourcesBuildPhase;
			buildActionMask = 2147483647;
			files = (
			);
			runOnlyForDeploymentPostprocessing = 0;
		};
/* End PBXResourcesBuildPhase section */

/* Begin PBXSourcesBuildPhase section */
		7DDB15881BBD94BF003221DD /* Sources */ = {
			isa = PBXSourcesBuildPhase;
			buildActionMask = 2147483647;
			files = (
				7DDB15921BBD94BF003221DD /* ViewController.swift in Sources */,
				7DDB15901BBD94BF003221DD /* AppDelegate.swift in Sources */,
				7DDB15981BBD94BF003221DD /* single.xcdatamodeld in Sources */,
			);
			runOnlyForDeploymentPostprocessing = 0;
		};
		7DDB159F1BBD94BF003221DD /* Sources */ = {
			isa = PBXSourcesBuildPhase;
			buildActionMask = 2147483647;
			files = (
				7DDB15A81BBD94BF003221DD /* singleTests.swift in Sources */,
			);
			runOnlyForDeploymentPostprocessing = 0;
		};
		7DDB15AA1BBD94BF003221DD /* Sources */ = {
			isa = PBXSourcesBuildPhase;
			buildActionMask = 2147483647;
			files = (
				7DDB15B31BBD94BF003221DD /* singleUITests.swift in Sources */,
			);
			runOnlyForDeploymentPostprocessing = 0;
		};
/* End PBXSourcesBuildPhase section */

/* Begin PBXTargetDependency section */
		7DDB15A51BBD94BF003221DD /* PBXTargetDependency */ = {
			isa = PBXTargetDependency;
			target = 7DDB158B1BBD94BF003221DD /* single */;
			targetProxy = 7DDB15A41BBD94BF003221DD /* PBXContainerItemProxy */;
		};
		7DDB15B01BBD94BF003221DD /* PBXTargetDependency */ = {
			isa = PBXTargetDependency;
			target = 7DDB158B1BBD94BF003221DD /* single */;
			targetProxy = 7DDB15AF1BBD94BF003221DD /* PBXContainerItemProxy */;
		};
/* End PBXTargetDependency section */

/* Begin PBXVariantGroup section */
		7DDB15931BBD94BF003221DD /* Main.storyboard */ = {
			isa = PBXVariantGroup;
			children = (
				7DDB15941BBD94BF003221DD /* Base */,
			);
			name = Main.storyboard;
			sourceTree = "<group>";
		};
		7DDB159B1BBD94BF003221DD /* LaunchScreen.storyboard */ = {
			isa = PBXVariantGroup;
			children = (
				7DDB159C1BBD94BF003221DD /* Base */,
			);
			name = LaunchScreen.storyboard;
			sourceTree = "<group>";
		};
/* End PBXVariantGroup section */

/* Begin XCBuildConfiguration section */
		7DDB15B51BBD94BF003221DD /* Debug */ = {
			isa = XCBuildConfiguration;
			buildSettings = {
				ALWAYS_SEARCH_USER_PATHS = NO;
				CLANG_CXX_LANGUAGE_STANDARD = "gnu++0x";
				CLANG_CXX_LIBRARY = "libc++";
				CLANG_ENABLE_MODULES = YES;
				CLANG_ENABLE_OBJC_ARC = YES;
				CLANG_WARN_BOOL_CONVERSION = YES;
				CLANG_WARN_CONSTANT_CONVERSION = YES;
				CLANG_WARN_DIRECT_OBJC_ISA_USAGE = YES_ERROR;
				CLANG_WARN_EMPTY_BODY = YES;
				CLANG_WARN_ENUM_CONVERSION = YES;
				CLANG_WARN_INT_CONVERSION = YES;
				CLANG_WARN_OBJC_ROOT_CLASS = YES_ERROR;
				CLANG_WARN_UNREACHABLE_CODE = YES;
				CLANG_WARN__DUPLICATE_METHOD_MATCH = YES;
				"CODE_SIGN_IDENTITY[sdk=iphoneos*]" = "iPhone Developer";
				COPY_PHASE_STRIP = NO;
				DEBUG_INFORMATION_FORMAT = dwarf;
				ENABLE_STRICT_OBJC_MSGSEND = YES;
				ENABLE_TESTABILITY = YES;
				GCC_C_LANGUAGE_STANDARD = gnu99;
				GCC_DYNAMIC_NO_PIC = NO;
				GCC_NO_COMMON_BLOCKS = YES;
				GCC_OPTIMIZATION_LEVEL = 0;
				GCC_PREPROCESSOR_DEFINITIONS = (
					"DEBUG=1",
					"$(inherited)",
				);
				GCC_WARN_64_TO_32_BIT_CONVERSION = YES;
				GCC_WARN_ABOUT_RETURN_TYPE = YES_ERROR;
				GCC_WARN_UNDECLARED_SELECTOR = YES;
				GCC_WARN_UNINITIALIZED_AUTOS = YES_AGGRESSIVE;
				GCC_WARN_UNUSED_FUNCTION = YES;
				GCC_WARN_UNUSED_VARIABLE = YES;
				IPHONEOS_DEPLOYMENT_TARGET = 9.0;
				MTL_ENABLE_DEBUG_INFO = YES;
				ONLY_ACTIVE_ARCH = YES;
				SDKROOT = iphoneos;
				SWIFT_OPTIMIZATION_LEVEL = "-Onone";
			};
			name = Debug;
		};
		7DDB15B61BBD94BF003221DD /* Release */ = {
			isa = XCBuildConfiguration;
			buildSettings = {
				ALWAYS_SEARCH_USER_PATHS = NO;
				CLANG_CXX_LANGUAGE_STANDARD = "gnu++0x";
				CLANG_CXX_LIBRARY = "libc++";
				CLANG_ENABLE_MODULES = YES;
				CLANG_ENABLE_OBJC_ARC = YES;
				CLANG_WARN_BOOL_CONVERSION = YES;
				CLANG_WARN_CONSTANT_CONVERSION = YES;
				CLANG_WARN_DIRECT_OBJC_ISA_USAGE = YES_ERROR;
				CLANG_WARN_EMPTY_BODY = YES;
				CLANG_WARN_ENUM_CONVERSION = YES;
				CLANG_WARN_INT_CONVERSION = YES;
				CLANG_WARN_OBJC_ROOT_CLASS = YES_ERROR;
				CLANG_WARN_UNREACHABLE_CODE = YES;
				CLANG_WARN__DUPLICATE_METHOD_MATCH = YES;
				"CODE_SIGN_IDENTITY[sdk=iphoneos*]" = "iPhone Developer";
				COPY_PHASE_STRIP = NO;
				DEBUG_INFORMATION_FORMAT = "dwarf-with-dsym";
				ENABLE_NS_ASSERTIONS = NO;
				ENABLE_STRICT_OBJC_MSGSEND = YES;
				GCC_C_LANGUAGE_STANDARD = gnu99;
				GCC_NO_COMMON_BLOCKS = YES;
				GCC_WARN_64_TO_32_BIT_CONVERSION = YES;
				GCC_WARN_ABOUT_RETURN_TYPE = YES_ERROR;
				GCC_WARN_UNDECLARED_SELECTOR = YES;
				GCC_WARN_UNINITIALIZED_AUTOS = YES_AGGRESSIVE;
				GCC_WARN_UNUSED_FUNCTION = YES;
				GCC_WARN_UNUSED_VARIABLE = YES;
				IPHONEOS_DEPLOYMENT_TARGET = 9.0;
				MTL_ENABLE_DEBUG_INFO = NO;
				SDKROOT = iphoneos;
				VALIDATE_PRODUCT = YES;
			};
			name = Release;
		};
		7DDB15B81BBD94BF003221DD /* Debug */ = {
			isa = XCBuildConfiguration;
			buildSettings = {
				ASSETCATALOG_COMPILER_APPICON_NAME = AppIcon;
				INFOPLIST_FILE = single/Info.plist;
				LD_RUNPATH_SEARCH_PATHS = "$(inherited) @executable_path/Frameworks";
				PRODUCT_BUNDLE_IDENTIFIER = com.yxw.test.single;
				PRODUCT_NAME = "$(TARGET_NAME)";
			};
			name = Debug;
		};
		7DDB15B91BBD94BF003221DD /* Release */ = {
			isa = XCBuildConfiguration;
			buildSettings = {
				ASSETCATALOG_COMPILER_APPICON_NAME = AppIcon;
				INFOPLIST_FILE = single/Info.plist;
				LD_RUNPATH_SEARCH_PATHS = "$(inherited) @executable_path/Frameworks";
				PRODUCT_BUNDLE_IDENTIFIER = com.yxw.test.single;
				PRODUCT_NAME = "$(TARGET_NAME)";
			};
			name = Release;
		};
		7DDB15BB1BBD94BF003221DD /* Debug */ = {
			isa = XCBuildConfiguration;
			buildSettings = {
				BUNDLE_LOADER = "$(TEST_HOST)";
				INFOPLIST_FILE = singleTests/Info.plist;
				LD_RUNPATH_SEARCH_PATHS = "$(inherited) @executable_path/Frameworks @loader_path/Frameworks";
				PRODUCT_BUNDLE_IDENTIFIER = com.yxw.test.singleTests;
				PRODUCT_NAME = "$(TARGET_NAME)";
				TEST_HOST = "$(BUILT_PRODUCTS_DIR)/single.app/single";
			};
			name = Debug;
		};
		7DDB15BC1BBD94BF003221DD /* Release */ = {
			isa = XCBuildConfiguration;
			buildSettings = {
				BUNDLE_LOADER = "$(TEST_HOST)";
				INFOPLIST_FILE = singleTests/Info.plist;
				LD_RUNPATH_SEARCH_PATHS = "$(inherited) @executable_path/Frameworks @loader_path/Frameworks";
				PRODUCT_BUNDLE_IDENTIFIER = com.yxw.test.singleTests;
				PRODUCT_NAME = "$(TARGET_NAME)";
				TEST_HOST = "$(BUILT_PRODUCTS_DIR)/single.app/single";
			};
			name = Release;
		};
		7DDB15BE1BBD94BF003221DD /* Debug */ = {
			isa = XCBuildConfiguration;
			buildSettings = {
				INFOPLIST_FILE = singleUITests/Info.plist;
				LD_RUNPATH_SEARCH_PATHS = "$(inherited) @executable_path/Frameworks @loader_path/Frameworks";
				PRODUCT_BUNDLE_IDENTIFIER = com.yxw.test.singleUITests;
				PRODUCT_NAME = "$(TARGET_NAME)";
				TEST_TARGET_NAME = single;
				USES_XCTRUNNER = YES;
			};
			name = Debug;
		};
		7DDB15BF1BBD94BF003221DD /* Release */ = {
			isa = XCBuildConfiguration;
			buildSettings = {
				INFOPLIST_FILE = singleUITests/Info.plist;
				LD_RUNPATH_SEARCH_PATHS = "$(inherited) @executable_path/Frameworks @loader_path/Frameworks";
				PRODUCT_BUNDLE_IDENTIFIER = com.yxw.test.singleUITests;
				PRODUCT_NAME = "$(TARGET_NAME)";
				TEST_TARGET_NAME = single;
				USES_XCTRUNNER = YES;
			};
			name = Release;
		};
/* End XCBuildConfiguration section */

/* Begin XCConfigurationList section */
		7DDB15871BBD94BF003221DD /* Build configuration list for PBXProject "single" */ = {
			isa = XCConfigurationList;
			buildConfigurations = (
				7DDB15B51BBD94BF003221DD /* Debug */,
				7DDB15B61BBD94BF003221DD /* Release */,
			);
			defaultConfigurationIsVisible = 0;
			defaultConfigurationName = Release;
		};
		7DDB15B71BBD94BF003221DD /* Build configuration list for PBXNativeTarget "single" */ = {
			isa = XCConfigurationList;
			buildConfigurations = (
				7DDB15B81BBD94BF003221DD /* Debug */,
				7DDB15B91BBD94BF003221DD /* Release */,
			);
			defaultConfigurationIsVisible = 0;
		};
		7DDB15BA1BBD94BF003221DD /* Build configuration list for PBXNativeTarget "singleTests" */ = {
			isa = XCConfigurationList;
			buildConfigurations = (
				7DDB15BB1BBD94BF003221DD /* Debug */,
				7DDB15BC1BBD94BF003221DD /* Release */,
			);
			defaultConfigurationIsVisible = 0;
		};
		7DDB15BD1BBD94BF003221DD /* Build configuration list for PBXNativeTarget "singleUITests" */ = {
			isa = XCConfigurationList;
			buildConfigurations = (
				7DDB15BE1BBD94BF003221DD /* Debug */,
				7DDB15BF1BBD94BF003221DD /* Release */,
			);
			defaultConfigurationIsVisible = 0;
		};
/* End XCConfigurationList section */

/* Begin XCVersionGroup section */
		7DDB15961BBD94BF003221DD /* single.xcdatamodeld */ = {
			isa = XCVersionGroup;
			children = (
				7DDB15971BBD94BF003221DD /* single.xcdatamodel */,
			);
			currentVersion = 7DDB15971BBD94BF003221DD /* single.xcdatamodel */;
			path = single.xcdatamodeld;
			sourceTree = "<group>";
			versionGroupType = wrapper.xcdatamodel;
		};
/* End XCVersionGroup section */
	};
	rootObject = 7DDB15841BBD94BF003221DD /* Project object */;
}
